# This file is automatically @generated by Cargo.
# It is not intended for manual editing.
[[package]]
name = "slices"
version = "0.1.0"
dependencies = [
 "t_bang",
]

[[package]]
name = "t_bang"
version = "0.1.4"
source = "registry+https://github.com/rust-lang/crates.io-index"
checksum = "251c4e4ae99795a6fd520e26ef47ad6f8dde1dd80bcfba0d08dec24516d38d06"
